
Microsoft Visual Studio Solution File, Format Version 12.00
# Visual Studio 15
VisualStudioVersion = 15.0.28307.779
MinimumVisualStudioVersion = 10.0.40219.1
Project("{FAE04EC0-301F-11D3-BF4B-00C04F79EFBC}") = "ApiRestUsuarios", "ApiRestUsuarios\ApiRestUsuarios.csproj", "{97DDC828-519F-4F96-8665-0C2F265A93B6}"
EndProject
Global
	GlobalSection(SolutionConfigurationPlatforms) = preSolution
		Debug|Any CPU = Debug|Any CPU
		Release|Any CPU = Release|Any CPU
	EndGlobalSection
	GlobalSection(ProjectConfigurationPlatforms) = postSolution
		{97DDC828-519F-4F96-8665-0C2F265A93B6}.Debug|Any CPU.ActiveCfg = Debug|Any CPU
		{97DDC828-519F-4F96-8665-0C2F265A93B6}.Debug|Any CPU.Build.0 = Debug|Any CPU
		{97DDC828-519F-4F96-8665-0C2F265A93B6}.Release|Any CPU.ActiveCfg = Release|Any CPU
		{97DDC828-519F-4F96-8665-0C2F265A93B6}.Release|Any CPU.Build.0 = Release|Any CPU
	EndGlobalSection
	GlobalSection(SolutionProperties) = preSolution
		HideSolutionNode = FALSE
	EndGlobalSection
	GlobalSection(ExtensibilityGlobals) = postSolution
		SolutionGuid = {65FE54B0-03F6-46CB-B389-2083242137DE}
	EndGlobalSection
EndGlobal
